
Microsoft Visual Studio Solution File, Format Version 12.00
# Visual Studio Version 16
VisualStudioVersion = 16.0.29009.5
MinimumVisualStudioVersion = 10.0.40219.1
Project("{FAE04EC0-301F-11D3-BF4B-00C04F79EFBC}") = "DatingAppREST", "DatingAppREST\DatingAppREST.csproj", "{C0467266-37EE-437C-B250-6482BC4DD318}"
EndProject
Global
	GlobalSection(SolutionConfigurationPlatforms) = preSolution
		Debug|Any CPU = Debug|Any CPU
		Release|Any CPU = Release|Any CPU
	EndGlobalSection
	GlobalSection(ProjectConfigurationPlatforms) = postSolution
		{C0467266-37EE-437C-B250-6482BC4DD318}.Debug|Any CPU.ActiveCfg = Debug|Any CPU
		{C0467266-37EE-437C-B250-6482BC4DD318}.Debug|Any CPU.Build.0 = Debug|Any CPU
		{C0467266-37EE-437C-B250-6482BC4DD318}.Release|Any CPU.ActiveCfg = Release|Any CPU
		{C0467266-37EE-437C-B250-6482BC4DD318}.Release|Any CPU.Build.0 = Release|Any CPU
	EndGlobalSection
	GlobalSection(SolutionProperties) = preSolution
		HideSolutionNode = FALSE
	EndGlobalSection
	GlobalSection(ExtensibilityGlobals) = postSolution
		SolutionGuid = {ED997FDB-AFC3-4C43-994E-8F53C07999DB}
	EndGlobalSection
EndGlobal
